// !$*UTF8*$!
{
	archiveVersion = 1;
	classes = {
	};
	objectVersion = 50;
	objects = {

/* Begin PBXBuildFile section */
		05A9AB70260A451400E8C445 /* AppDelegate.swift in Sources */ = {isa = PBXBuildFile; fileRef = 05A9AB6F260A451400E8C445 /* AppDelegate.swift */; };
		05A9AB72260A451400E8C445 /* SceneDelegate.swift in Sources */ = {isa = PBXBuildFile; fileRef = 05A9AB71260A451400E8C445 /* SceneDelegate.swift */; };
		05A9AB74260A451400E8C445 /* Bai1ViewController.swift in Sources */ = {isa = PBXBuildFile; fileRef = 05A9AB73260A451400E8C445 /* Bai1ViewController.swift */; };
		05A9AB77260A451400E8C445 /* Main.storyboard in Resources */ = {isa = PBXBuildFile; fileRef = 05A9AB75260A451400E8C445 /* Main.storyboard */; };
		05A9AB79260A451600E8C445 /* Assets.xcassets in Resources */ = {isa = PBXBuildFile; fileRef = 05A9AB78260A451600E8C445 /* Assets.xcassets */; };
		05A9AB7C260A451600E8C445 /* LaunchScreen.storyboard in Resources */ = {isa = PBXBuildFile; fileRef = 05A9AB7A260A451600E8C445 /* LaunchScreen.storyboard */; };
		05A9AB86260A464500E8C445 /* Bai2ViewController.swift in Sources */ = {isa = PBXBuildFile; fileRef = 05A9AB85260A464500E8C445 /* Bai2ViewController.swift */; };
		05A9AB8A260B2A0A00E8C445 /* Bai3ViewController.swift in Sources */ = {isa = PBXBuildFile; fileRef = 05A9AB89260B2A0A00E8C445 /* Bai3ViewController.swift */; };
/* End PBXBuildFile section */

/* Begin PBXFileReference section */
		05A9AB6C260A451400E8C445 /* ThanhBaiTap.app */ = {isa = PBXFileReference; explicitFileType = wrapper.application; includeInIndex = 0; path = ThanhBaiTap.app; sourceTree = BUILT_PRODUCTS_DIR; };
		05A9AB6F260A451400E8C445 /* AppDelegate.swift */ = {isa = PBXFileReference; lastKnownFileType = sourcecode.swift; path = AppDelegate.swift; sourceTree = "<group>"; };
		05A9AB71260A451400E8C445 /* SceneDelegate.swift */ = {isa = PBXFileReference; lastKnownFileType = sourcecode.swift; path = SceneDelegate.swift; sourceTree = "<group>"; };
		05A9AB73260A451400E8C445 /* Bai1ViewController.swift */ = {isa = PBXFileReference; lastKnownFileType = sourcecode.swift; path = Bai1ViewController.swift; sourceTree = "<group>"; };
		05A9AB76260A451400E8C445 /* Base */ = {isa = PBXFileReference; lastKnownFileType = file.storyboard; name = Base; path = Base.lproj/Main.storyboard; sourceTree = "<group>"; };
		05A9AB78260A451600E8C445 /* Assets.xcassets */ = {isa = PBXFileReference; lastKnownFileType = folder.assetcatalog; path = Assets.xcassets; sourceTree = "<group>"; };
		05A9AB7B260A451600E8C445 /* Base */ = {isa = PBXFileReference; lastKnownFileType = file.storyboard; name = Base; path = Base.lproj/LaunchScreen.storyboard; sourceTree = "<group>"; };
		05A9AB7D260A451600E8C445 /* Info.plist */ = {isa = PBXFileReference; lastKnownFileType = text.plist.xml; path = Info.plist; sourceTree = "<group>"; };
		05A9AB85260A464500E8C445 /* Bai2ViewController.swift */ = {isa = PBXFileReference; lastKnownFileType = sourcecode.swift; path = Bai2ViewController.swift; sourceTree = "<group>"; };
		05A9AB89260B2A0A00E8C445 /* Bai3ViewController.swift */ = {isa = PBXFileReference; lastKnownFileType = sourcecode.swift; path = Bai3ViewController.swift; sourceTree = "<group>"; };
/* End PBXFileReference section */

/* Begin PBXFrameworksBuildPhase section */
		05A9AB69260A451400E8C445 /* Frameworks */ = {
			isa = PBXFrameworksBuildPhase;
			buildActionMask = 2147483647;
			files = (
			);
			runOnlyForDeploymentPostprocessing = 0;
		};
/* End PBXFrameworksBuildPhase section */

/* Begin PBXGroup section */
		05A9AB63260A451400E8C445 = {
			isa = PBXGroup;
			children = (
				05A9AB6E260A451400E8C445 /* ThanhBaiTap */,
				05A9AB6D260A451400E8C445 /* Products */,
			);
			sourceTree = "<group>";
		};
		05A9AB6D260A451400E8C445 /* Products */ = {
			isa = PBXGroup;
			children = (
				05A9AB6C260A451400E8C445 /* ThanhBaiTap.app */,
			);
			name = Products;
			sourceTree = "<group>";
		};
		05A9AB6E260A451400E8C445 /* ThanhBaiTap */ = {
			isa = PBXGroup;
			children = (
				05A9AB6F260A451400E8C445 /* AppDelegate.swift */,
				05A9AB71260A451400E8C445 /* SceneDelegate.swift */,
				05A9AB73260A451400E8C445 /* Bai1ViewController.swift */,
				05A9AB85260A464500E8C445 /* Bai2ViewController.swift */,
				05A9AB75260A451400E8C445 /* Main.storyboard */,
				05A9AB89260B2A0A00E8C445 /* Bai3ViewController.swift */,
				05A9AB78260A451600E8C445 /* Assets.xcassets */,
				05A9AB7A260A451600E8C445 /* LaunchScreen.storyboard */,
				05A9AB7D260A451600E8C445 /* Info.plist */,
			);
			path = ThanhBaiTap;
			sourceTree = "<group>";
		};
/* End PBXGroup section */

/* Begin PBXNativeTarget section */
		05A9AB6B260A451400E8C445 /* ThanhBaiTap */ = {
			isa = PBXNativeTarget;
			buildConfigurationList = 05A9AB80260A451600E8C445 /* Build configuration list for PBXNativeTarget "ThanhBaiTap" */;
			buildPhases = (
				05A9AB68260A451400E8C445 /* Sources */,
				05A9AB69260A451400E8C445 /* Frameworks */,
				05A9AB6A260A451400E8C445 /* Resources */,
			);
			buildRules = (
			);
			dependencies = (
			);
			name = ThanhBaiTap;
			productName = ThanhBaiTap;
			productReference = 05A9AB6C260A451400E8C445 /* ThanhBaiTap.app */;
			productType = "com.apple.product-type.application";
		};
/* End PBXNativeTarget section */

/* Begin PBXProject section */
		05A9AB64260A451400E8C445 /* Project object */ = {
			isa = PBXProject;
			attributes = {
				LastSwiftUpdateCheck = 1240;
				LastUpgradeCheck = 1240;
				TargetAttributes = {
					05A9AB6B260A451400E8C445 = {
						CreatedOnToolsVersion = 12.4;
					};
				};
			};
			buildConfigurationList = 05A9AB67260A451400E8C445 /* Build configuration list for PBXProject "ThanhBaiTap" */;
			compatibilityVersion = "Xcode 9.3";
			developmentRegion = en;
			hasScannedForEncodings = 0;
			knownRegions = (
				en,
				Base,
			);
			mainGroup = 05A9AB63260A451400E8C445;
			productRefGroup = 05A9AB6D260A451400E8C445 /* Products */;
			projectDirPath = "";
			projectRoot = "";
			targets = (
				05A9AB6B260A451400E8C445 /* ThanhBaiTap */,
			);
		};
/* End PBXProject section */

/* Begin PBXResourcesBuildPhase section */
		05A9AB6A260A451400E8C445 /* Resources */ = {
			isa = PBXResourcesBuildPhase;
			buildActionMask = 2147483647;
			files = (
				05A9AB7C260A451600E8C445 /* LaunchScreen.storyboard in Resources */,
				05A9AB79260A451600E8C445 /* Assets.xcassets in Resources */,
				05A9AB77260A451400E8C445 /* Main.storyboard in Resources */,
			);
			runOnlyForDeploymentPostprocessing = 0;
		};
/* End PBXResourcesBuildPhase section */

/* Begin PBXSourcesBuildPhase section */
		05A9AB68260A451400E8C445 /* Sources */ = {
			isa = PBXSourcesBuildPhase;
			buildActionMask = 2147483647;
			files = (
				05A9AB8A260B2A0A00E8C445 /* Bai3ViewController.swift in Sources */,
				05A9AB86260A464500E8C445 /* Bai2ViewController.swift in Sources */,
				05A9AB74260A451400E8C445 /* Bai1ViewController.swift in Sources */,
				05A9AB70260A451400E8C445 /* AppDelegate.swift in Sources */,
				05A9AB72260A451400E8C445 /* SceneDelegate.swift in Sources */,
			);
			runOnlyForDeploymentPostprocessing = 0;
		};
/* End PBXSourcesBuildPhase section */

/* Begin PBXVariantGroup section */
		05A9AB75260A451400E8C445 /* Main.storyboard */ = {
			isa = PBXVariantGroup;
			children = (
				05A9AB76260A451400E8C445 /* Base */,
			);
			name = Main.storyboard;
			sourceTree = "<group>";
		};
		05A9AB7A260A451600E8C445 /* LaunchScreen.storyboard */ = {
			isa = PBXVariantGroup;
			children = (
				05A9AB7B260A451600E8C445 /* Base */,
			);
			name = LaunchScreen.storyboard;
			sourceTree = "<group>";
		};
/* End PBXVariantGroup section */

/* Begin XCBuildConfiguration section */
		05A9AB7E260A451600E8C445 /* Debug */ = {
			isa = XCBuildConfiguration;
			buildSettings = {
				ALWAYS_SEARCH_USER_PATHS = NO;
				CLANG_ANALYZER_NONNULL = YES;
				CLANG_ANALYZER_NUMBER_OBJECT_CONVERSION = YES_AGGRESSIVE;
				CLANG_CXX_LANGUAGE_STANDARD = "gnu++14";
				CLANG_CXX_LIBRARY = "libc++";
				CLANG_ENABLE_MODULES = YES;
				CLANG_ENABLE_OBJC_ARC = YES;
				CLANG_ENABLE_OBJC_WEAK = YES;
				CLANG_WARN_BLOCK_CAPTURE_AUTORELEASING = YES;
				CLANG_WARN_BOOL_CONVERSION = YES;
				CLANG_WARN_COMMA = YES;
				CLANG_WARN_CONSTANT_CONVERSION = YES;
				CLANG_WARN_DEPRECATED_OBJC_IMPLEMENTATIONS = YES;
				CLANG_WARN_DIRECT_OBJC_ISA_USAGE = YES_ERROR;
				CLANG_WARN_DOCUMENTATION_COMMENTS = YES;
				CLANG_WARN_EMPTY_BODY = YES;
				CLANG_WARN_ENUM_CONVERSION = YES;
				CLANG_WARN_INFINITE_RECURSION = YES;
				CLANG_WARN_INT_CONVERSION = YES;
				CLANG_WARN_NON_LITERAL_NULL_CONVERSION = YES;
				CLANG_WARN_OBJC_IMPLICIT_RETAIN_SELF = YES;
				CLANG_WARN_OBJC_LITERAL_CONVERSION = YES;
				CLANG_WARN_OBJC_ROOT_CLASS = YES_ERROR;
				CLANG_WARN_QUOTED_INCLUDE_IN_FRAMEWORK_HEADER = YES;
				CLANG_WARN_RANGE_LOOP_ANALYSIS = YES;
				CLANG_WARN_STRICT_PROTOTYPES = YES;
				CLANG_WARN_SUSPICIOUS_MOVE = YES;
				CLANG_WARN_UNGUARDED_AVAILABILITY = YES_AGGRESSIVE;
				CLANG_WARN_UNREACHABLE_CODE = YES;
				CLANG_WARN__DUPLICATE_METHOD_MATCH = YES;
				COPY_PHASE_STRIP = NO;
				DEBUG_INFORMATION_FORMAT = dwarf;
				ENABLE_STRICT_OBJC_MSGSEND = YES;
				ENABLE_TESTABILITY = YES;
				GCC_C_LANGUAGE_STANDARD = gnu11;
				GCC_DYNAMIC_NO_PIC = NO;
				GCC_NO_COMMON_BLOCKS = YES;
				GCC_OPTIMIZATION_LEVEL = 0;
				GCC_PREPROCESSOR_DEFINITIONS = (
					"DEBUG=1",
					"$(inherited)",
				);
				GCC_WARN_64_TO_32_BIT_CONVERSION = YES;
				GCC_WARN_ABOUT_RETURN_TYPE = YES_ERROR;
				GCC_WARN_UNDECLARED_SELECTOR = YES;
				GCC_WARN_UNINITIALIZED_AUTOS = YES_AGGRESSIVE;
				GCC_WARN_UNUSED_FUNCTION = YES;
				GCC_WARN_UNUSED_VARIABLE = YES;
				IPHONEOS_DEPLOYMENT_TARGET = 14.4;
				MTL_ENABLE_DEBUG_INFO = INCLUDE_SOURCE;
				MTL_FAST_MATH = YES;
				ONLY_ACTIVE_ARCH = YES;
				SDKROOT = iphoneos;
				SWIFT_ACTIVE_COMPILATION_CONDITIONS = DEBUG;
				SWIFT_OPTIMIZATION_LEVEL = "-Onone";
			};
			name = Debug;
		};
		05A9AB7F260A451600E8C445 /* Release */ = {
			isa = XCBuildConfiguration;
			buildSettings = {
				ALWAYS_SEARCH_USER_PATHS = NO;
				CLANG_ANALYZER_NONNULL = YES;
				CLANG_ANALYZER_NUMBER_OBJECT_CONVERSION = YES_AGGRESSIVE;
				CLANG_CXX_LANGUAGE_STANDARD = "gnu++14";
				CLANG_CXX_LIBRARY = "libc++";
				CLANG_ENABLE_MODULES = YES;
				CLANG_ENABLE_OBJC_ARC = YES;
				CLANG_ENABLE_OBJC_WEAK = YES;
				CLANG_WARN_BLOCK_CAPTURE_AUTORELEASING = YES;
				CLANG_WARN_BOOL_CONVERSION = YES;
				CLANG_WARN_COMMA = YES;
				CLANG_WARN_CONSTANT_CONVERSION = YES;
				CLANG_WARN_DEPRECATED_OBJC_IMPLEMENTATIONS = YES;
				CLANG_WARN_DIRECT_OBJC_ISA_USAGE = YES_ERROR;
				CLANG_WARN_DOCUMENTATION_COMMENTS = YES;
				CLANG_WARN_EMPTY_BODY = YES;
				CLANG_WARN_ENUM_CONVERSION = YES;
				CLANG_WARN_INFINITE_RECURSION = YES;
				CLANG_WARN_INT_CONVERSION = YES;
				CLANG_WARN_NON_LITERAL_NULL_CONVERSION = YES;
				CLANG_WARN_OBJC_IMPLICIT_RETAIN_SELF = YES;
				CLANG_WARN_OBJC_LITERAL_CONVERSION = YES;
				CLANG_WARN_OBJC_ROOT_CLASS = YES_ERROR;
				CLANG_WARN_QUOTED_INCLUDE_IN_FRAMEWORK_HEADER = YES;
				CLANG_WARN_RANGE_LOOP_ANALYSIS = YES;
				CLANG_WARN_STRICT_PROTOTYPES = YES;
				CLANG_WARN_SUSPICIOUS_MOVE = YES;
				CLANG_WARN_UNGUARDED_AVAILABILITY = YES_AGGRESSIVE;
				CLANG_WARN_UNREACHABLE_CODE = YES;
				CLANG_WARN__DUPLICATE_METHOD_MATCH = YES;
				COPY_PHASE_STRIP = NO;
				DEBUG_INFORMATION_FORMAT = "dwarf-with-dsym";
				ENABLE_NS_ASSERTIONS = NO;
				ENABLE_STRICT_OBJC_MSGSEND = YES;
				GCC_C_LANGUAGE_STANDARD = gnu11;
				GCC_NO_COMMON_BLOCKS = YES;
				GCC_WARN_64_TO_32_BIT_CONVERSION = YES;
				GCC_WARN_ABOUT_RETURN_TYPE = YES_ERROR;
				GCC_WARN_UNDECLARED_SELECTOR = YES;
				GCC_WARN_UNINITIALIZED_AUTOS = YES_AGGRESSIVE;
				GCC_WARN_UNUSED_FUNCTION = YES;
				GCC_WARN_UNUSED_VARIABLE = YES;
				IPHONEOS_DEPLOYMENT_TARGET = 14.4;
				MTL_ENABLE_DEBUG_INFO = NO;
				MTL_FAST_MATH = YES;
				SDKROOT = iphoneos;
				SWIFT_COMPILATION_MODE = wholemodule;
				SWIFT_OPTIMIZATION_LEVEL = "-O";
				VALIDATE_PRODUCT = YES;
			};
			name = Release;
		};
		05A9AB81260A451600E8C445 /* Debug */ = {
			isa = XCBuildConfiguration;
			buildSettings = {
				ASSETCATALOG_COMPILER_APPICON_NAME = AppIcon;
				ASSETCATALOG_COMPILER_GLOBAL_ACCENT_COLOR_NAME = AccentColor;
				CODE_SIGN_STYLE = Automatic;
				INFOPLIST_FILE = ThanhBaiTap/Info.plist;
				LD_RUNPATH_SEARCH_PATHS = (
					"$(inherited)",
					"@executable_path/Frameworks",
				);
				PRODUCT_BUNDLE_IDENTIFIER = vanthanh.ThanhBaiTap;
				PRODUCT_NAME = "$(TARGET_NAME)";
				SWIFT_VERSION = 5.0;
				TARGETED_DEVICE_FAMILY = "1,2";
			};
			name = Debug;
		};
		05A9AB82260A451600E8C445 /* Release */ = {
			isa = XCBuildConfiguration;
			buildSettings = {
				ASSETCATALOG_COMPILER_APPICON_NAME = AppIcon;
				ASSETCATALOG_COMPILER_GLOBAL_ACCENT_COLOR_NAME = AccentColor;
				CODE_SIGN_STYLE = Automatic;
				INFOPLIST_FILE = ThanhBaiTap/Info.plist;
				LD_RUNPATH_SEARCH_PATHS = (
					"$(inherited)",
					"@executable_path/Frameworks",
				);
				PRODUCT_BUNDLE_IDENTIFIER = vanthanh.ThanhBaiTap;
				PRODUCT_NAME = "$(TARGET_NAME)";
				SWIFT_VERSION = 5.0;
				TARGETED_DEVICE_FAMILY = "1,2";
			};
			name = Release;
		};
/* End XCBuildConfiguration section */

/* Begin XCConfigurationList section */
		05A9AB67260A451400E8C445 /* Build configuration list for PBXProject "ThanhBaiTap" */ = {
			isa = XCConfigurationList;
			buildConfigurations = (
				05A9AB7E260A451600E8C445 /* Debug */,
				05A9AB7F260A451600E8C445 /* Release */,
			);
			defaultConfigurationIsVisible = 0;
			defaultConfigurationName = Release;
		};
		05A9AB80260A451600E8C445 /* Build configuration list for PBXNativeTarget "ThanhBaiTap" */ = {
			isa = XCConfigurationList;
			buildConfigurations = (
				05A9AB81260A451600E8C445 /* Debug */,
				05A9AB82260A451600E8C445 /* Release */,
			);
			defaultConfigurationIsVisible = 0;
			defaultConfigurationName = Release;
		};
/* End XCConfigurationList section */
	};
	rootObject = 05A9AB64260A451400E8C445 /* Project object */;
}
