// !$*UTF8*$!
{
	archiveVersion = 1;
	classes = {
	};
	objectVersion = 50;
	objects = {

/* Begin PBXBuildFile section */
		05297D542607A43B0026CD5D /* AppDelegate.swift in Sources */ = {isa = PBXBuildFile; fileRef = 05297D532607A43B0026CD5D /* AppDelegate.swift */; };
		05297D562607A43B0026CD5D /* SceneDelegate.swift in Sources */ = {isa = PBXBuildFile; fileRef = 05297D552607A43B0026CD5D /* SceneDelegate.swift */; };
		05297D582607A43B0026CD5D /* ViewController.swift in Sources */ = {isa = PBXBuildFile; fileRef = 05297D572607A43B0026CD5D /* ViewController.swift */; };
		05297D5B2607A43B0026CD5D /* Main.storyboard in Resources */ = {isa = PBXBuildFile; fileRef = 05297D592607A43B0026CD5D /* Main.storyboard */; };
		05297D5D2607A43C0026CD5D /* Assets.xcassets in Resources */ = {isa = PBXBuildFile; fileRef = 05297D5C2607A43C0026CD5D /* Assets.xcassets */; };
		05297D602607A43C0026CD5D /* LaunchScreen.storyboard in Resources */ = {isa = PBXBuildFile; fileRef = 05297D5E2607A43C0026CD5D /* LaunchScreen.storyboard */; };
		05297D6A2607CB220026CD5D /* Regsin.swift in Sources */ = {isa = PBXBuildFile; fileRef = 05297D692607CB220026CD5D /* Regsin.swift */; };
/* End PBXBuildFile section */

/* Begin PBXFileReference section */
		05297D502607A43B0026CD5D /* BaitapAutoLayuot.app */ = {isa = PBXFileReference; explicitFileType = wrapper.application; includeInIndex = 0; path = BaitapAutoLayuot.app; sourceTree = BUILT_PRODUCTS_DIR; };
		05297D532607A43B0026CD5D /* AppDelegate.swift */ = {isa = PBXFileReference; lastKnownFileType = sourcecode.swift; path = AppDelegate.swift; sourceTree = "<group>"; };
		05297D552607A43B0026CD5D /* SceneDelegate.swift */ = {isa = PBXFileReference; lastKnownFileType = sourcecode.swift; path = SceneDelegate.swift; sourceTree = "<group>"; };
		05297D572607A43B0026CD5D /* ViewController.swift */ = {isa = PBXFileReference; lastKnownFileType = sourcecode.swift; path = ViewController.swift; sourceTree = "<group>"; };
		05297D5A2607A43B0026CD5D /* Base */ = {isa = PBXFileReference; lastKnownFileType = file.storyboard; name = Base; path = Base.lproj/Main.storyboard; sourceTree = "<group>"; };
		05297D5C2607A43C0026CD5D /* Assets.xcassets */ = {isa = PBXFileReference; lastKnownFileType = folder.assetcatalog; path = Assets.xcassets; sourceTree = "<group>"; };
		05297D5F2607A43C0026CD5D /* Base */ = {isa = PBXFileReference; lastKnownFileType = file.storyboard; name = Base; path = Base.lproj/LaunchScreen.storyboard; sourceTree = "<group>"; };
		05297D612607A43C0026CD5D /* Info.plist */ = {isa = PBXFileReference; lastKnownFileType = text.plist.xml; path = Info.plist; sourceTree = "<group>"; };
		05297D692607CB220026CD5D /* Regsin.swift */ = {isa = PBXFileReference; lastKnownFileType = sourcecode.swift; path = Regsin.swift; sourceTree = "<group>"; };
/* End PBXFileReference section */

/* Begin PBXFrameworksBuildPhase section */
		05297D4D2607A43B0026CD5D /* Frameworks */ = {
			isa = PBXFrameworksBuildPhase;
			buildActionMask = 2147483647;
			files = (
			);
			runOnlyForDeploymentPostprocessing = 0;
		};
/* End PBXFrameworksBuildPhase section */

/* Begin PBXGroup section */
		05297D472607A43B0026CD5D = {
			isa = PBXGroup;
			children = (
				05297D522607A43B0026CD5D /* BaitapAutoLayuot */,
				05297D512607A43B0026CD5D /* Products */,
			);
			sourceTree = "<group>";
		};
		05297D512607A43B0026CD5D /* Products */ = {
			isa = PBXGroup;
			children = (
				05297D502607A43B0026CD5D /* BaitapAutoLayuot.app */,
			);
			name = Products;
			sourceTree = "<group>";
		};
		05297D522607A43B0026CD5D /* BaitapAutoLayuot */ = {
			isa = PBXGroup;
			children = (
				05297D532607A43B0026CD5D /* AppDelegate.swift */,
				05297D552607A43B0026CD5D /* SceneDelegate.swift */,
				05297D572607A43B0026CD5D /* ViewController.swift */,
				05297D692607CB220026CD5D /* Regsin.swift */,
				05297D592607A43B0026CD5D /* Main.storyboard */,
				05297D5C2607A43C0026CD5D /* Assets.xcassets */,
				05297D5E2607A43C0026CD5D /* LaunchScreen.storyboard */,
				05297D612607A43C0026CD5D /* Info.plist */,
			);
			path = BaitapAutoLayuot;
			sourceTree = "<group>";
		};
/* End PBXGroup section */

/* Begin PBXNativeTarget section */
		05297D4F2607A43B0026CD5D /* BaitapAutoLayuot */ = {
			isa = PBXNativeTarget;
			buildConfigurationList = 05297D642607A43C0026CD5D /* Build configuration list for PBXNativeTarget "BaitapAutoLayuot" */;
			buildPhases = (
				05297D4C2607A43B0026CD5D /* Sources */,
				05297D4D2607A43B0026CD5D /* Frameworks */,
				05297D4E2607A43B0026CD5D /* Resources */,
			);
			buildRules = (
			);
			dependencies = (
			);
			name = BaitapAutoLayuot;
			productName = BaitapAutoLayuot;
			productReference = 05297D502607A43B0026CD5D /* BaitapAutoLayuot.app */;
			productType = "com.apple.product-type.application";
		};
/* End PBXNativeTarget section */

/* Begin PBXProject section */
		05297D482607A43B0026CD5D /* Project object */ = {
			isa = PBXProject;
			attributes = {
				LastSwiftUpdateCheck = 1240;
				LastUpgradeCheck = 1240;
				TargetAttributes = {
					05297D4F2607A43B0026CD5D = {
						CreatedOnToolsVersion = 12.4;
					};
				};
			};
			buildConfigurationList = 05297D4B2607A43B0026CD5D /* Build configuration list for PBXProject "BaitapAutoLayuot" */;
			compatibilityVersion = "Xcode 9.3";
			developmentRegion = en;
			hasScannedForEncodings = 0;
			knownRegions = (
				en,
				Base,
			);
			mainGroup = 05297D472607A43B0026CD5D;
			productRefGroup = 05297D512607A43B0026CD5D /* Products */;
			projectDirPath = "";
			projectRoot = "";
			targets = (
				05297D4F2607A43B0026CD5D /* BaitapAutoLayuot */,
			);
		};
/* End PBXProject section */

/* Begin PBXResourcesBuildPhase section */
		05297D4E2607A43B0026CD5D /* Resources */ = {
			isa = PBXResourcesBuildPhase;
			buildActionMask = 2147483647;
			files = (
				05297D602607A43C0026CD5D /* LaunchScreen.storyboard in Resources */,
				05297D5D2607A43C0026CD5D /* Assets.xcassets in Resources */,
				05297D5B2607A43B0026CD5D /* Main.storyboard in Resources */,
			);
			runOnlyForDeploymentPostprocessing = 0;
		};
/* End PBXResourcesBuildPhase section */

/* Begin PBXSourcesBuildPhase section */
		05297D4C2607A43B0026CD5D /* Sources */ = {
			isa = PBXSourcesBuildPhase;
			buildActionMask = 2147483647;
			files = (
				05297D582607A43B0026CD5D /* ViewController.swift in Sources */,
				05297D542607A43B0026CD5D /* AppDelegate.swift in Sources */,
				05297D562607A43B0026CD5D /* SceneDelegate.swift in Sources */,
				05297D6A2607CB220026CD5D /* Regsin.swift in Sources */,
			);
			runOnlyForDeploymentPostprocessing = 0;
		};
/* End PBXSourcesBuildPhase section */

/* Begin PBXVariantGroup section */
		05297D592607A43B0026CD5D /* Main.storyboard */ = {
			isa = PBXVariantGroup;
			children = (
				05297D5A2607A43B0026CD5D /* Base */,
			);
			name = Main.storyboard;
			sourceTree = "<group>";
		};
		05297D5E2607A43C0026CD5D /* LaunchScreen.storyboard */ = {
			isa = PBXVariantGroup;
			children = (
				05297D5F2607A43C0026CD5D /* Base */,
			);
			name = LaunchScreen.storyboard;
			sourceTree = "<group>";
		};
/* End PBXVariantGroup section */

/* Begin XCBuildConfiguration section */
		05297D622607A43C0026CD5D /* Debug */ = {
			isa = XCBuildConfiguration;
			buildSettings = {
				ALWAYS_SEARCH_USER_PATHS = NO;
				CLANG_ANALYZER_NONNULL = YES;
				CLANG_ANALYZER_NUMBER_OBJECT_CONVERSION = YES_AGGRESSIVE;
				CLANG_CXX_LANGUAGE_STANDARD = "gnu++14";
				CLANG_CXX_LIBRARY = "libc++";
				CLANG_ENABLE_MODULES = YES;
				CLANG_ENABLE_OBJC_ARC = YES;
				CLANG_ENABLE_OBJC_WEAK = YES;
				CLANG_WARN_BLOCK_CAPTURE_AUTORELEASING = YES;
				CLANG_WARN_BOOL_CONVERSION = YES;
				CLANG_WARN_COMMA = YES;
				CLANG_WARN_CONSTANT_CONVERSION = YES;
				CLANG_WARN_DEPRECATED_OBJC_IMPLEMENTATIONS = YES;
				CLANG_WARN_DIRECT_OBJC_ISA_USAGE = YES_ERROR;
				CLANG_WARN_DOCUMENTATION_COMMENTS = YES;
				CLANG_WARN_EMPTY_BODY = YES;
				CLANG_WARN_ENUM_CONVERSION = YES;
				CLANG_WARN_INFINITE_RECURSION = YES;
				CLANG_WARN_INT_CONVERSION = YES;
				CLANG_WARN_NON_LITERAL_NULL_CONVERSION = YES;
				CLANG_WARN_OBJC_IMPLICIT_RETAIN_SELF = YES;
				CLANG_WARN_OBJC_LITERAL_CONVERSION = YES;
				CLANG_WARN_OBJC_ROOT_CLASS = YES_ERROR;
				CLANG_WARN_QUOTED_INCLUDE_IN_FRAMEWORK_HEADER = YES;
				CLANG_WARN_RANGE_LOOP_ANALYSIS = YES;
				CLANG_WARN_STRICT_PROTOTYPES = YES;
				CLANG_WARN_SUSPICIOUS_MOVE = YES;
				CLANG_WARN_UNGUARDED_AVAILABILITY = YES_AGGRESSIVE;
				CLANG_WARN_UNREACHABLE_CODE = YES;
				CLANG_WARN__DUPLICATE_METHOD_MATCH = YES;
				COPY_PHASE_STRIP = NO;
				DEBUG_INFORMATION_FORMAT = dwarf;
				ENABLE_STRICT_OBJC_MSGSEND = YES;
				ENABLE_TESTABILITY = YES;
				GCC_C_LANGUAGE_STANDARD = gnu11;
				GCC_DYNAMIC_NO_PIC = NO;
				GCC_NO_COMMON_BLOCKS = YES;
				GCC_OPTIMIZATION_LEVEL = 0;
				GCC_PREPROCESSOR_DEFINITIONS = (
					"DEBUG=1",
					"$(inherited)",
				);
				GCC_WARN_64_TO_32_BIT_CONVERSION = YES;
				GCC_WARN_ABOUT_RETURN_TYPE = YES_ERROR;
				GCC_WARN_UNDECLARED_SELECTOR = YES;
				GCC_WARN_UNINITIALIZED_AUTOS = YES_AGGRESSIVE;
				GCC_WARN_UNUSED_FUNCTION = YES;
				GCC_WARN_UNUSED_VARIABLE = YES;
				IPHONEOS_DEPLOYMENT_TARGET = 14.4;
				MTL_ENABLE_DEBUG_INFO = INCLUDE_SOURCE;
				MTL_FAST_MATH = YES;
				ONLY_ACTIVE_ARCH = YES;
				SDKROOT = iphoneos;
				SWIFT_ACTIVE_COMPILATION_CONDITIONS = DEBUG;
				SWIFT_OPTIMIZATION_LEVEL = "-Onone";
			};
			name = Debug;
		};
		05297D632607A43C0026CD5D /* Release */ = {
			isa = XCBuildConfiguration;
			buildSettings = {
				ALWAYS_SEARCH_USER_PATHS = NO;
				CLANG_ANALYZER_NONNULL = YES;
				CLANG_ANALYZER_NUMBER_OBJECT_CONVERSION = YES_AGGRESSIVE;
				CLANG_CXX_LANGUAGE_STANDARD = "gnu++14";
				CLANG_CXX_LIBRARY = "libc++";
				CLANG_ENABLE_MODULES = YES;
				CLANG_ENABLE_OBJC_ARC = YES;
				CLANG_ENABLE_OBJC_WEAK = YES;
				CLANG_WARN_BLOCK_CAPTURE_AUTORELEASING = YES;
				CLANG_WARN_BOOL_CONVERSION = YES;
				CLANG_WARN_COMMA = YES;
				CLANG_WARN_CONSTANT_CONVERSION = YES;
				CLANG_WARN_DEPRECATED_OBJC_IMPLEMENTATIONS = YES;
				CLANG_WARN_DIRECT_OBJC_ISA_USAGE = YES_ERROR;
				CLANG_WARN_DOCUMENTATION_COMMENTS = YES;
				CLANG_WARN_EMPTY_BODY = YES;
				CLANG_WARN_ENUM_CONVERSION = YES;
				CLANG_WARN_INFINITE_RECURSION = YES;
				CLANG_WARN_INT_CONVERSION = YES;
				CLANG_WARN_NON_LITERAL_NULL_CONVERSION = YES;
				CLANG_WARN_OBJC_IMPLICIT_RETAIN_SELF = YES;
				CLANG_WARN_OBJC_LITERAL_CONVERSION = YES;
				CLANG_WARN_OBJC_ROOT_CLASS = YES_ERROR;
				CLANG_WARN_QUOTED_INCLUDE_IN_FRAMEWORK_HEADER = YES;
				CLANG_WARN_RANGE_LOOP_ANALYSIS = YES;
				CLANG_WARN_STRICT_PROTOTYPES = YES;
				CLANG_WARN_SUSPICIOUS_MOVE = YES;
				CLANG_WARN_UNGUARDED_AVAILABILITY = YES_AGGRESSIVE;
				CLANG_WARN_UNREACHABLE_CODE = YES;
				CLANG_WARN__DUPLICATE_METHOD_MATCH = YES;
				COPY_PHASE_STRIP = NO;
				DEBUG_INFORMATION_FORMAT = "dwarf-with-dsym";
				ENABLE_NS_ASSERTIONS = NO;
				ENABLE_STRICT_OBJC_MSGSEND = YES;
				GCC_C_LANGUAGE_STANDARD = gnu11;
				GCC_NO_COMMON_BLOCKS = YES;
				GCC_WARN_64_TO_32_BIT_CONVERSION = YES;
				GCC_WARN_ABOUT_RETURN_TYPE = YES_ERROR;
				GCC_WARN_UNDECLARED_SELECTOR = YES;
				GCC_WARN_UNINITIALIZED_AUTOS = YES_AGGRESSIVE;
				GCC_WARN_UNUSED_FUNCTION = YES;
				GCC_WARN_UNUSED_VARIABLE = YES;
				IPHONEOS_DEPLOYMENT_TARGET = 14.4;
				MTL_ENABLE_DEBUG_INFO = NO;
				MTL_FAST_MATH = YES;
				SDKROOT = iphoneos;
				SWIFT_COMPILATION_MODE = wholemodule;
				SWIFT_OPTIMIZATION_LEVEL = "-O";
				VALIDATE_PRODUCT = YES;
			};
			name = Release;
		};
		05297D652607A43C0026CD5D /* Debug */ = {
			isa = XCBuildConfiguration;
			buildSettings = {
				ASSETCATALOG_COMPILER_APPICON_NAME = AppIcon;
				ASSETCATALOG_COMPILER_GLOBAL_ACCENT_COLOR_NAME = AccentColor;
				CODE_SIGN_STYLE = Automatic;
				DEVELOPMENT_TEAM = "";
				INFOPLIST_FILE = BaitapAutoLayuot/Info.plist;
				IPHONEOS_DEPLOYMENT_TARGET = 13.0;
				LD_RUNPATH_SEARCH_PATHS = (
					"$(inherited)",
					"@executable_path/Frameworks",
				);
				PRODUCT_BUNDLE_IDENTIFIER = vanthanh.BaitapAutoLayuot;
				PRODUCT_NAME = "$(TARGET_NAME)";
				SWIFT_VERSION = 5.0;
				TARGETED_DEVICE_FAMILY = "1,2";
			};
			name = Debug;
		};
		05297D662607A43C0026CD5D /* Release */ = {
			isa = XCBuildConfiguration;
			buildSettings = {
				ASSETCATALOG_COMPILER_APPICON_NAME = AppIcon;
				ASSETCATALOG_COMPILER_GLOBAL_ACCENT_COLOR_NAME = AccentColor;
				CODE_SIGN_STYLE = Automatic;
				DEVELOPMENT_TEAM = "";
				INFOPLIST_FILE = BaitapAutoLayuot/Info.plist;
				IPHONEOS_DEPLOYMENT_TARGET = 13.0;
				LD_RUNPATH_SEARCH_PATHS = (
					"$(inherited)",
					"@executable_path/Frameworks",
				);
				PRODUCT_BUNDLE_IDENTIFIER = vanthanh.BaitapAutoLayuot;
				PRODUCT_NAME = "$(TARGET_NAME)";
				SWIFT_VERSION = 5.0;
				TARGETED_DEVICE_FAMILY = "1,2";
			};
			name = Release;
		};
/* End XCBuildConfiguration section */

/* Begin XCConfigurationList section */
		05297D4B2607A43B0026CD5D /* Build configuration list for PBXProject "BaitapAutoLayuot" */ = {
			isa = XCConfigurationList;
			buildConfigurations = (
				05297D622607A43C0026CD5D /* Debug */,
				05297D632607A43C0026CD5D /* Release */,
			);
			defaultConfigurationIsVisible = 0;
			defaultConfigurationName = Release;
		};
		05297D642607A43C0026CD5D /* Build configuration list for PBXNativeTarget "BaitapAutoLayuot" */ = {
			isa = XCConfigurationList;
			buildConfigurations = (
				05297D652607A43C0026CD5D /* Debug */,
				05297D662607A43C0026CD5D /* Release */,
			);
			defaultConfigurationIsVisible = 0;
			defaultConfigurationName = Release;
		};
/* End XCConfigurationList section */
	};
	rootObject = 05297D482607A43B0026CD5D /* Project object */;
}
