// !$*UTF8*$!
{
	archiveVersion = 1;
	classes = {
	};
	objectVersion = 50;
	objects = {

/* Begin PBXBuildFile section */
		A9816CFB24626F7000C82710 /* AppDelegate.swift in Sources */ = {isa = PBXBuildFile; fileRef = A9816CFA24626F7000C82710 /* AppDelegate.swift */; };
		A9816CFD24626F7000C82710 /* SceneDelegate.swift in Sources */ = {isa = PBXBuildFile; fileRef = A9816CFC24626F7000C82710 /* SceneDelegate.swift */; };
		A9816CFF24626F7000C82710 /* ViewController.swift in Sources */ = {isa = PBXBuildFile; fileRef = A9816CFE24626F7000C82710 /* ViewController.swift */; };
		A9816D0224626F7000C82710 /* Main.storyboard in Resources */ = {isa = PBXBuildFile; fileRef = A9816D0024626F7000C82710 /* Main.storyboard */; };
		A9816D0424626F7100C82710 /* Assets.xcassets in Resources */ = {isa = PBXBuildFile; fileRef = A9816D0324626F7100C82710 /* Assets.xcassets */; };
		A9816D0724626F7100C82710 /* LaunchScreen.storyboard in Resources */ = {isa = PBXBuildFile; fileRef = A9816D0524626F7100C82710 /* LaunchScreen.storyboard */; };
		A9816D0F2462729600C82710 /* ItemView.swift in Sources */ = {isa = PBXBuildFile; fileRef = A9816D0E2462729600C82710 /* ItemView.swift */; };
		A9816D11246272AA00C82710 /* ItemView.xib in Resources */ = {isa = PBXBuildFile; fileRef = A9816D10246272AA00C82710 /* ItemView.xib */; };
/* End PBXBuildFile section */

/* Begin PBXFileReference section */
		A9816CF724626F7000C82710 /* HandWashing.app */ = {isa = PBXFileReference; explicitFileType = wrapper.application; includeInIndex = 0; path = HandWashing.app; sourceTree = BUILT_PRODUCTS_DIR; };
		A9816CFA24626F7000C82710 /* AppDelegate.swift */ = {isa = PBXFileReference; lastKnownFileType = sourcecode.swift; path = AppDelegate.swift; sourceTree = "<group>"; };
		A9816CFC24626F7000C82710 /* SceneDelegate.swift */ = {isa = PBXFileReference; lastKnownFileType = sourcecode.swift; path = SceneDelegate.swift; sourceTree = "<group>"; };
		A9816CFE24626F7000C82710 /* ViewController.swift */ = {isa = PBXFileReference; lastKnownFileType = sourcecode.swift; path = ViewController.swift; sourceTree = "<group>"; };
		A9816D0124626F7000C82710 /* Base */ = {isa = PBXFileReference; lastKnownFileType = file.storyboard; name = Base; path = Base.lproj/Main.storyboard; sourceTree = "<group>"; };
		A9816D0324626F7100C82710 /* Assets.xcassets */ = {isa = PBXFileReference; lastKnownFileType = folder.assetcatalog; path = Assets.xcassets; sourceTree = "<group>"; };
		A9816D0624626F7100C82710 /* Base */ = {isa = PBXFileReference; lastKnownFileType = file.storyboard; name = Base; path = Base.lproj/LaunchScreen.storyboard; sourceTree = "<group>"; };
		A9816D0824626F7100C82710 /* Info.plist */ = {isa = PBXFileReference; lastKnownFileType = text.plist.xml; path = Info.plist; sourceTree = "<group>"; };
		A9816D0E2462729600C82710 /* ItemView.swift */ = {isa = PBXFileReference; lastKnownFileType = sourcecode.swift; path = ItemView.swift; sourceTree = "<group>"; };
		A9816D10246272AA00C82710 /* ItemView.xib */ = {isa = PBXFileReference; lastKnownFileType = file.xib; path = ItemView.xib; sourceTree = "<group>"; };
/* End PBXFileReference section */

/* Begin PBXFrameworksBuildPhase section */
		A9816CF424626F7000C82710 /* Frameworks */ = {
			isa = PBXFrameworksBuildPhase;
			buildActionMask = 2147483647;
			files = (
			);
			runOnlyForDeploymentPostprocessing = 0;
		};
/* End PBXFrameworksBuildPhase section */

/* Begin PBXGroup section */
		A9816CEE24626F7000C82710 = {
			isa = PBXGroup;
			children = (
				A9816CF924626F7000C82710 /* HandWashing */,
				A9816CF824626F7000C82710 /* Products */,
			);
			sourceTree = "<group>";
		};
		A9816CF824626F7000C82710 /* Products */ = {
			isa = PBXGroup;
			children = (
				A9816CF724626F7000C82710 /* HandWashing.app */,
			);
			name = Products;
			sourceTree = "<group>";
		};
		A9816CF924626F7000C82710 /* HandWashing */ = {
			isa = PBXGroup;
			children = (
				A9816CFA24626F7000C82710 /* AppDelegate.swift */,
				A9816CFC24626F7000C82710 /* SceneDelegate.swift */,
				A9816CFE24626F7000C82710 /* ViewController.swift */,
				A9816D0024626F7000C82710 /* Main.storyboard */,
				A9816D0324626F7100C82710 /* Assets.xcassets */,
				A9816D0524626F7100C82710 /* LaunchScreen.storyboard */,
				A9816D0824626F7100C82710 /* Info.plist */,
				A9816D0E2462729600C82710 /* ItemView.swift */,
				A9816D10246272AA00C82710 /* ItemView.xib */,
			);
			path = HandWashing;
			sourceTree = "<group>";
		};
/* End PBXGroup section */

/* Begin PBXNativeTarget section */
		A9816CF624626F7000C82710 /* HandWashing */ = {
			isa = PBXNativeTarget;
			buildConfigurationList = A9816D0B24626F7100C82710 /* Build configuration list for PBXNativeTarget "HandWashing" */;
			buildPhases = (
				A9816CF324626F7000C82710 /* Sources */,
				A9816CF424626F7000C82710 /* Frameworks */,
				A9816CF524626F7000C82710 /* Resources */,
			);
			buildRules = (
			);
			dependencies = (
			);
			name = HandWashing;
			productName = HandWashing;
			productReference = A9816CF724626F7000C82710 /* HandWashing.app */;
			productType = "com.apple.product-type.application";
		};
/* End PBXNativeTarget section */

/* Begin PBXProject section */
		A9816CEF24626F7000C82710 /* Project object */ = {
			isa = PBXProject;
			attributes = {
				LastSwiftUpdateCheck = 1140;
				LastUpgradeCheck = 1140;
				ORGANIZATIONNAME = taoquynh;
				TargetAttributes = {
					A9816CF624626F7000C82710 = {
						CreatedOnToolsVersion = 11.4.1;
					};
				};
			};
			buildConfigurationList = A9816CF224626F7000C82710 /* Build configuration list for PBXProject "HandWashing" */;
			compatibilityVersion = "Xcode 9.3";
			developmentRegion = en;
			hasScannedForEncodings = 0;
			knownRegions = (
				en,
				Base,
			);
			mainGroup = A9816CEE24626F7000C82710;
			productRefGroup = A9816CF824626F7000C82710 /* Products */;
			projectDirPath = "";
			projectRoot = "";
			targets = (
				A9816CF624626F7000C82710 /* HandWashing */,
			);
		};
/* End PBXProject section */

/* Begin PBXResourcesBuildPhase section */
		A9816CF524626F7000C82710 /* Resources */ = {
			isa = PBXResourcesBuildPhase;
			buildActionMask = 2147483647;
			files = (
				A9816D0724626F7100C82710 /* LaunchScreen.storyboard in Resources */,
				A9816D0424626F7100C82710 /* Assets.xcassets in Resources */,
				A9816D0224626F7000C82710 /* Main.storyboard in Resources */,
				A9816D11246272AA00C82710 /* ItemView.xib in Resources */,
			);
			runOnlyForDeploymentPostprocessing = 0;
		};
/* End PBXResourcesBuildPhase section */

/* Begin PBXSourcesBuildPhase section */
		A9816CF324626F7000C82710 /* Sources */ = {
			isa = PBXSourcesBuildPhase;
			buildActionMask = 2147483647;
			files = (
				A9816CFF24626F7000C82710 /* ViewController.swift in Sources */,
				A9816CFB24626F7000C82710 /* AppDelegate.swift in Sources */,
				A9816CFD24626F7000C82710 /* SceneDelegate.swift in Sources */,
				A9816D0F2462729600C82710 /* ItemView.swift in Sources */,
			);
			runOnlyForDeploymentPostprocessing = 0;
		};
/* End PBXSourcesBuildPhase section */

/* Begin PBXVariantGroup section */
		A9816D0024626F7000C82710 /* Main.storyboard */ = {
			isa = PBXVariantGroup;
			children = (
				A9816D0124626F7000C82710 /* Base */,
			);
			name = Main.storyboard;
			sourceTree = "<group>";
		};
		A9816D0524626F7100C82710 /* LaunchScreen.storyboard */ = {
			isa = PBXVariantGroup;
			children = (
				A9816D0624626F7100C82710 /* Base */,
			);
			name = LaunchScreen.storyboard;
			sourceTree = "<group>";
		};
/* End PBXVariantGroup section */

/* Begin XCBuildConfiguration section */
		A9816D0924626F7100C82710 /* Debug */ = {
			isa = XCBuildConfiguration;
			buildSettings = {
				ALWAYS_SEARCH_USER_PATHS = NO;
				CLANG_ANALYZER_NONNULL = YES;
				CLANG_ANALYZER_NUMBER_OBJECT_CONVERSION = YES_AGGRESSIVE;
				CLANG_CXX_LANGUAGE_STANDARD = "gnu++14";
				CLANG_CXX_LIBRARY = "libc++";
				CLANG_ENABLE_MODULES = YES;
				CLANG_ENABLE_OBJC_ARC = YES;
				CLANG_ENABLE_OBJC_WEAK = YES;
				CLANG_WARN_BLOCK_CAPTURE_AUTORELEASING = YES;
				CLANG_WARN_BOOL_CONVERSION = YES;
				CLANG_WARN_COMMA = YES;
				CLANG_WARN_CONSTANT_CONVERSION = YES;
				CLANG_WARN_DEPRECATED_OBJC_IMPLEMENTATIONS = YES;
				CLANG_WARN_DIRECT_OBJC_ISA_USAGE = YES_ERROR;
				CLANG_WARN_DOCUMENTATION_COMMENTS = YES;
				CLANG_WARN_EMPTY_BODY = YES;
				CLANG_WARN_ENUM_CONVERSION = YES;
				CLANG_WARN_INFINITE_RECURSION = YES;
				CLANG_WARN_INT_CONVERSION = YES;
				CLANG_WARN_NON_LITERAL_NULL_CONVERSION = YES;
				CLANG_WARN_OBJC_IMPLICIT_RETAIN_SELF = YES;
				CLANG_WARN_OBJC_LITERAL_CONVERSION = YES;
				CLANG_WARN_OBJC_ROOT_CLASS = YES_ERROR;
				CLANG_WARN_RANGE_LOOP_ANALYSIS = YES;
				CLANG_WARN_STRICT_PROTOTYPES = YES;
				CLANG_WARN_SUSPICIOUS_MOVE = YES;
				CLANG_WARN_UNGUARDED_AVAILABILITY = YES_AGGRESSIVE;
				CLANG_WARN_UNREACHABLE_CODE = YES;
				CLANG_WARN__DUPLICATE_METHOD_MATCH = YES;
				COPY_PHASE_STRIP = NO;
				DEBUG_INFORMATION_FORMAT = dwarf;
				ENABLE_STRICT_OBJC_MSGSEND = YES;
				ENABLE_TESTABILITY = YES;
				GCC_C_LANGUAGE_STANDARD = gnu11;
				GCC_DYNAMIC_NO_PIC = NO;
				GCC_NO_COMMON_BLOCKS = YES;
				GCC_OPTIMIZATION_LEVEL = 0;
				GCC_PREPROCESSOR_DEFINITIONS = (
					"DEBUG=1",
					"$(inherited)",
				);
				GCC_WARN_64_TO_32_BIT_CONVERSION = YES;
				GCC_WARN_ABOUT_RETURN_TYPE = YES_ERROR;
				GCC_WARN_UNDECLARED_SELECTOR = YES;
				GCC_WARN_UNINITIALIZED_AUTOS = YES_AGGRESSIVE;
				GCC_WARN_UNUSED_FUNCTION = YES;
				GCC_WARN_UNUSED_VARIABLE = YES;
				IPHONEOS_DEPLOYMENT_TARGET = 13.4;
				MTL_ENABLE_DEBUG_INFO = INCLUDE_SOURCE;
				MTL_FAST_MATH = YES;
				ONLY_ACTIVE_ARCH = YES;
				SDKROOT = iphoneos;
				SWIFT_ACTIVE_COMPILATION_CONDITIONS = DEBUG;
				SWIFT_OPTIMIZATION_LEVEL = "-Onone";
			};
			name = Debug;
		};
		A9816D0A24626F7100C82710 /* Release */ = {
			isa = XCBuildConfiguration;
			buildSettings = {
				ALWAYS_SEARCH_USER_PATHS = NO;
				CLANG_ANALYZER_NONNULL = YES;
				CLANG_ANALYZER_NUMBER_OBJECT_CONVERSION = YES_AGGRESSIVE;
				CLANG_CXX_LANGUAGE_STANDARD = "gnu++14";
				CLANG_CXX_LIBRARY = "libc++";
				CLANG_ENABLE_MODULES = YES;
				CLANG_ENABLE_OBJC_ARC = YES;
				CLANG_ENABLE_OBJC_WEAK = YES;
				CLANG_WARN_BLOCK_CAPTURE_AUTORELEASING = YES;
				CLANG_WARN_BOOL_CONVERSION = YES;
				CLANG_WARN_COMMA = YES;
				CLANG_WARN_CONSTANT_CONVERSION = YES;
				CLANG_WARN_DEPRECATED_OBJC_IMPLEMENTATIONS = YES;
				CLANG_WARN_DIRECT_OBJC_ISA_USAGE = YES_ERROR;
				CLANG_WARN_DOCUMENTATION_COMMENTS = YES;
				CLANG_WARN_EMPTY_BODY = YES;
				CLANG_WARN_ENUM_CONVERSION = YES;
				CLANG_WARN_INFINITE_RECURSION = YES;
				CLANG_WARN_INT_CONVERSION = YES;
				CLANG_WARN_NON_LITERAL_NULL_CONVERSION = YES;
				CLANG_WARN_OBJC_IMPLICIT_RETAIN_SELF = YES;
				CLANG_WARN_OBJC_LITERAL_CONVERSION = YES;
				CLANG_WARN_OBJC_ROOT_CLASS = YES_ERROR;
				CLANG_WARN_RANGE_LOOP_ANALYSIS = YES;
				CLANG_WARN_STRICT_PROTOTYPES = YES;
				CLANG_WARN_SUSPICIOUS_MOVE = YES;
				CLANG_WARN_UNGUARDED_AVAILABILITY = YES_AGGRESSIVE;
				CLANG_WARN_UNREACHABLE_CODE = YES;
				CLANG_WARN__DUPLICATE_METHOD_MATCH = YES;
				COPY_PHASE_STRIP = NO;
				DEBUG_INFORMATION_FORMAT = "dwarf-with-dsym";
				ENABLE_NS_ASSERTIONS = NO;
				ENABLE_STRICT_OBJC_MSGSEND = YES;
				GCC_C_LANGUAGE_STANDARD = gnu11;
				GCC_NO_COMMON_BLOCKS = YES;
				GCC_WARN_64_TO_32_BIT_CONVERSION = YES;
				GCC_WARN_ABOUT_RETURN_TYPE = YES_ERROR;
				GCC_WARN_UNDECLARED_SELECTOR = YES;
				GCC_WARN_UNINITIALIZED_AUTOS = YES_AGGRESSIVE;
				GCC_WARN_UNUSED_FUNCTION = YES;
				GCC_WARN_UNUSED_VARIABLE = YES;
				IPHONEOS_DEPLOYMENT_TARGET = 13.4;
				MTL_ENABLE_DEBUG_INFO = NO;
				MTL_FAST_MATH = YES;
				SDKROOT = iphoneos;
				SWIFT_COMPILATION_MODE = wholemodule;
				SWIFT_OPTIMIZATION_LEVEL = "-O";
				VALIDATE_PRODUCT = YES;
			};
			name = Release;
		};
		A9816D0C24626F7100C82710 /* Debug */ = {
			isa = XCBuildConfiguration;
			buildSettings = {
				ASSETCATALOG_COMPILER_APPICON_NAME = AppIcon;
				CODE_SIGN_STYLE = Automatic;
				DEVELOPMENT_TEAM = Z872JX6928;
				INFOPLIST_FILE = HandWashing/Info.plist;
				LD_RUNPATH_SEARCH_PATHS = (
					"$(inherited)",
					"@executable_path/Frameworks",
				);
				PRODUCT_BUNDLE_IDENTIFIER = taoquynh.HandWashing;
				PRODUCT_NAME = "$(TARGET_NAME)";
				SWIFT_VERSION = 5.0;
				TARGETED_DEVICE_FAMILY = "1,2";
			};
			name = Debug;
		};
		A9816D0D24626F7100C82710 /* Release */ = {
			isa = XCBuildConfiguration;
			buildSettings = {
				ASSETCATALOG_COMPILER_APPICON_NAME = AppIcon;
				CODE_SIGN_STYLE = Automatic;
				DEVELOPMENT_TEAM = Z872JX6928;
				INFOPLIST_FILE = HandWashing/Info.plist;
				LD_RUNPATH_SEARCH_PATHS = (
					"$(inherited)",
					"@executable_path/Frameworks",
				);
				PRODUCT_BUNDLE_IDENTIFIER = taoquynh.HandWashing;
				PRODUCT_NAME = "$(TARGET_NAME)";
				SWIFT_VERSION = 5.0;
				TARGETED_DEVICE_FAMILY = "1,2";
			};
			name = Release;
		};
/* End XCBuildConfiguration section */

/* Begin XCConfigurationList section */
		A9816CF224626F7000C82710 /* Build configuration list for PBXProject "HandWashing" */ = {
			isa = XCConfigurationList;
			buildConfigurations = (
				A9816D0924626F7100C82710 /* Debug */,
				A9816D0A24626F7100C82710 /* Release */,
			);
			defaultConfigurationIsVisible = 0;
			defaultConfigurationName = Release;
		};
		A9816D0B24626F7100C82710 /* Build configuration list for PBXNativeTarget "HandWashing" */ = {
			isa = XCConfigurationList;
			buildConfigurations = (
				A9816D0C24626F7100C82710 /* Debug */,
				A9816D0D24626F7100C82710 /* Release */,
			);
			defaultConfigurationIsVisible = 0;
			defaultConfigurationName = Release;
		};
/* End XCConfigurationList section */
	};
	rootObject = A9816CEF24626F7000C82710 /* Project object */;
}
