// !$*UTF8*$!
{
	archiveVersion = 1;
	classes = {
	};
	objectVersion = 50;
	objects = {

/* Begin PBXBuildFile section */
		053EC22D2625E9FC000F5F9A /* AppDelegate.swift in Sources */ = {isa = PBXBuildFile; fileRef = 053EC22C2625E9FC000F5F9A /* AppDelegate.swift */; };
		053EC22F2625E9FC000F5F9A /* SceneDelegate.swift in Sources */ = {isa = PBXBuildFile; fileRef = 053EC22E2625E9FC000F5F9A /* SceneDelegate.swift */; };
		053EC2312625E9FC000F5F9A /* ViewController.swift in Sources */ = {isa = PBXBuildFile; fileRef = 053EC2302625E9FC000F5F9A /* ViewController.swift */; };
		053EC2362625E9FD000F5F9A /* Assets.xcassets in Resources */ = {isa = PBXBuildFile; fileRef = 053EC2352625E9FD000F5F9A /* Assets.xcassets */; };
		053EC2392625E9FD000F5F9A /* LaunchScreen.storyboard in Resources */ = {isa = PBXBuildFile; fileRef = 053EC2372625E9FD000F5F9A /* LaunchScreen.storyboard */; };
		053EC246262686FE000F5F9A /* TimeCollectionViewCell.swift in Sources */ = {isa = PBXBuildFile; fileRef = 053EC245262686FE000F5F9A /* TimeCollectionViewCell.swift */; };
		053EC24A26269DBD000F5F9A /* TimeData.swift in Sources */ = {isa = PBXBuildFile; fileRef = 053EC24926269DBD000F5F9A /* TimeData.swift */; };
		053EC24E2626B934000F5F9A /* DayCollectionViewCell.swift in Sources */ = {isa = PBXBuildFile; fileRef = 053EC24D2626B934000F5F9A /* DayCollectionViewCell.swift */; };
		053EC2522626B9ED000F5F9A /* DayData.swift in Sources */ = {isa = PBXBuildFile; fileRef = 053EC2512626B9ED000F5F9A /* DayData.swift */; };
/* End PBXBuildFile section */

/* Begin PBXFileReference section */
		053EC2292625E9FC000F5F9A /* WeatherApp.app */ = {isa = PBXFileReference; explicitFileType = wrapper.application; includeInIndex = 0; path = WeatherApp.app; sourceTree = BUILT_PRODUCTS_DIR; };
		053EC22C2625E9FC000F5F9A /* AppDelegate.swift */ = {isa = PBXFileReference; lastKnownFileType = sourcecode.swift; path = AppDelegate.swift; sourceTree = "<group>"; };
		053EC22E2625E9FC000F5F9A /* SceneDelegate.swift */ = {isa = PBXFileReference; lastKnownFileType = sourcecode.swift; path = SceneDelegate.swift; sourceTree = "<group>"; };
		053EC2302625E9FC000F5F9A /* ViewController.swift */ = {isa = PBXFileReference; lastKnownFileType = sourcecode.swift; path = ViewController.swift; sourceTree = "<group>"; };
		053EC2352625E9FD000F5F9A /* Assets.xcassets */ = {isa = PBXFileReference; lastKnownFileType = folder.assetcatalog; path = Assets.xcassets; sourceTree = "<group>"; };
		053EC2382625E9FD000F5F9A /* Base */ = {isa = PBXFileReference; lastKnownFileType = file.storyboard; name = Base; path = Base.lproj/LaunchScreen.storyboard; sourceTree = "<group>"; };
		053EC23A2625E9FD000F5F9A /* Info.plist */ = {isa = PBXFileReference; lastKnownFileType = text.plist.xml; path = Info.plist; sourceTree = "<group>"; };
		053EC245262686FE000F5F9A /* TimeCollectionViewCell.swift */ = {isa = PBXFileReference; lastKnownFileType = sourcecode.swift; path = TimeCollectionViewCell.swift; sourceTree = "<group>"; };
		053EC24926269DBD000F5F9A /* TimeData.swift */ = {isa = PBXFileReference; lastKnownFileType = sourcecode.swift; path = TimeData.swift; sourceTree = "<group>"; };
		053EC24D2626B934000F5F9A /* DayCollectionViewCell.swift */ = {isa = PBXFileReference; lastKnownFileType = sourcecode.swift; path = DayCollectionViewCell.swift; sourceTree = "<group>"; };
		053EC2512626B9ED000F5F9A /* DayData.swift */ = {isa = PBXFileReference; lastKnownFileType = sourcecode.swift; path = DayData.swift; sourceTree = "<group>"; };
/* End PBXFileReference section */

/* Begin PBXFrameworksBuildPhase section */
		053EC2262625E9FC000F5F9A /* Frameworks */ = {
			isa = PBXFrameworksBuildPhase;
			buildActionMask = 2147483647;
			files = (
			);
			runOnlyForDeploymentPostprocessing = 0;
		};
/* End PBXFrameworksBuildPhase section */

/* Begin PBXGroup section */
		053EC2202625E9FC000F5F9A = {
			isa = PBXGroup;
			children = (
				053EC22B2625E9FC000F5F9A /* WeatherApp */,
				053EC22A2625E9FC000F5F9A /* Products */,
			);
			sourceTree = "<group>";
		};
		053EC22A2625E9FC000F5F9A /* Products */ = {
			isa = PBXGroup;
			children = (
				053EC2292625E9FC000F5F9A /* WeatherApp.app */,
			);
			name = Products;
			sourceTree = "<group>";
		};
		053EC22B2625E9FC000F5F9A /* WeatherApp */ = {
			isa = PBXGroup;
			children = (
				053EC22C2625E9FC000F5F9A /* AppDelegate.swift */,
				053EC22E2625E9FC000F5F9A /* SceneDelegate.swift */,
				053EC2302625E9FC000F5F9A /* ViewController.swift */,
				053EC25C2626F3CD000F5F9A /* Day */,
				053EC24826269DA4000F5F9A /* Time */,
				053EC2352625E9FD000F5F9A /* Assets.xcassets */,
				053EC2372625E9FD000F5F9A /* LaunchScreen.storyboard */,
				053EC23A2625E9FD000F5F9A /* Info.plist */,
			);
			path = WeatherApp;
			sourceTree = "<group>";
		};
		053EC24826269DA4000F5F9A /* Time */ = {
			isa = PBXGroup;
			children = (
				053EC245262686FE000F5F9A /* TimeCollectionViewCell.swift */,
				053EC24926269DBD000F5F9A /* TimeData.swift */,
			);
			path = Time;
			sourceTree = "<group>";
		};
		053EC25C2626F3CD000F5F9A /* Day */ = {
			isa = PBXGroup;
			children = (
				053EC24D2626B934000F5F9A /* DayCollectionViewCell.swift */,
				053EC2512626B9ED000F5F9A /* DayData.swift */,
			);
			path = Day;
			sourceTree = "<group>";
		};
/* End PBXGroup section */

/* Begin PBXNativeTarget section */
		053EC2282625E9FC000F5F9A /* WeatherApp */ = {
			isa = PBXNativeTarget;
			buildConfigurationList = 053EC23D2625E9FD000F5F9A /* Build configuration list for PBXNativeTarget "WeatherApp" */;
			buildPhases = (
				053EC2252625E9FC000F5F9A /* Sources */,
				053EC2262625E9FC000F5F9A /* Frameworks */,
				053EC2272625E9FC000F5F9A /* Resources */,
			);
			buildRules = (
			);
			dependencies = (
			);
			name = WeatherApp;
			productName = WeatherApp;
			productReference = 053EC2292625E9FC000F5F9A /* WeatherApp.app */;
			productType = "com.apple.product-type.application";
		};
/* End PBXNativeTarget section */

/* Begin PBXProject section */
		053EC2212625E9FC000F5F9A /* Project object */ = {
			isa = PBXProject;
			attributes = {
				LastSwiftUpdateCheck = 1240;
				LastUpgradeCheck = 1240;
				TargetAttributes = {
					053EC2282625E9FC000F5F9A = {
						CreatedOnToolsVersion = 12.4;
					};
				};
			};
			buildConfigurationList = 053EC2242625E9FC000F5F9A /* Build configuration list for PBXProject "WeatherApp" */;
			compatibilityVersion = "Xcode 9.3";
			developmentRegion = en;
			hasScannedForEncodings = 0;
			knownRegions = (
				en,
				Base,
			);
			mainGroup = 053EC2202625E9FC000F5F9A;
			productRefGroup = 053EC22A2625E9FC000F5F9A /* Products */;
			projectDirPath = "";
			projectRoot = "";
			targets = (
				053EC2282625E9FC000F5F9A /* WeatherApp */,
			);
		};
/* End PBXProject section */

/* Begin PBXResourcesBuildPhase section */
		053EC2272625E9FC000F5F9A /* Resources */ = {
			isa = PBXResourcesBuildPhase;
			buildActionMask = 2147483647;
			files = (
				053EC2392625E9FD000F5F9A /* LaunchScreen.storyboard in Resources */,
				053EC2362625E9FD000F5F9A /* Assets.xcassets in Resources */,
			);
			runOnlyForDeploymentPostprocessing = 0;
		};
/* End PBXResourcesBuildPhase section */

/* Begin PBXSourcesBuildPhase section */
		053EC2252625E9FC000F5F9A /* Sources */ = {
			isa = PBXSourcesBuildPhase;
			buildActionMask = 2147483647;
			files = (
				053EC2312625E9FC000F5F9A /* ViewController.swift in Sources */,
				053EC2522626B9ED000F5F9A /* DayData.swift in Sources */,
				053EC24E2626B934000F5F9A /* DayCollectionViewCell.swift in Sources */,
				053EC246262686FE000F5F9A /* TimeCollectionViewCell.swift in Sources */,
				053EC22D2625E9FC000F5F9A /* AppDelegate.swift in Sources */,
				053EC24A26269DBD000F5F9A /* TimeData.swift in Sources */,
				053EC22F2625E9FC000F5F9A /* SceneDelegate.swift in Sources */,
			);
			runOnlyForDeploymentPostprocessing = 0;
		};
/* End PBXSourcesBuildPhase section */

/* Begin PBXVariantGroup section */
		053EC2372625E9FD000F5F9A /* LaunchScreen.storyboard */ = {
			isa = PBXVariantGroup;
			children = (
				053EC2382625E9FD000F5F9A /* Base */,
			);
			name = LaunchScreen.storyboard;
			sourceTree = "<group>";
		};
/* End PBXVariantGroup section */

/* Begin XCBuildConfiguration section */
		053EC23B2625E9FD000F5F9A /* Debug */ = {
			isa = XCBuildConfiguration;
			buildSettings = {
				ALWAYS_SEARCH_USER_PATHS = NO;
				CLANG_ANALYZER_NONNULL = YES;
				CLANG_ANALYZER_NUMBER_OBJECT_CONVERSION = YES_AGGRESSIVE;
				CLANG_CXX_LANGUAGE_STANDARD = "gnu++14";
				CLANG_CXX_LIBRARY = "libc++";
				CLANG_ENABLE_MODULES = YES;
				CLANG_ENABLE_OBJC_ARC = YES;
				CLANG_ENABLE_OBJC_WEAK = YES;
				CLANG_WARN_BLOCK_CAPTURE_AUTORELEASING = YES;
				CLANG_WARN_BOOL_CONVERSION = YES;
				CLANG_WARN_COMMA = YES;
				CLANG_WARN_CONSTANT_CONVERSION = YES;
				CLANG_WARN_DEPRECATED_OBJC_IMPLEMENTATIONS = YES;
				CLANG_WARN_DIRECT_OBJC_ISA_USAGE = YES_ERROR;
				CLANG_WARN_DOCUMENTATION_COMMENTS = YES;
				CLANG_WARN_EMPTY_BODY = YES;
				CLANG_WARN_ENUM_CONVERSION = YES;
				CLANG_WARN_INFINITE_RECURSION = YES;
				CLANG_WARN_INT_CONVERSION = YES;
				CLANG_WARN_NON_LITERAL_NULL_CONVERSION = YES;
				CLANG_WARN_OBJC_IMPLICIT_RETAIN_SELF = YES;
				CLANG_WARN_OBJC_LITERAL_CONVERSION = YES;
				CLANG_WARN_OBJC_ROOT_CLASS = YES_ERROR;
				CLANG_WARN_QUOTED_INCLUDE_IN_FRAMEWORK_HEADER = YES;
				CLANG_WARN_RANGE_LOOP_ANALYSIS = YES;
				CLANG_WARN_STRICT_PROTOTYPES = YES;
				CLANG_WARN_SUSPICIOUS_MOVE = YES;
				CLANG_WARN_UNGUARDED_AVAILABILITY = YES_AGGRESSIVE;
				CLANG_WARN_UNREACHABLE_CODE = YES;
				CLANG_WARN__DUPLICATE_METHOD_MATCH = YES;
				COPY_PHASE_STRIP = NO;
				DEBUG_INFORMATION_FORMAT = dwarf;
				ENABLE_STRICT_OBJC_MSGSEND = YES;
				ENABLE_TESTABILITY = YES;
				GCC_C_LANGUAGE_STANDARD = gnu11;
				GCC_DYNAMIC_NO_PIC = NO;
				GCC_NO_COMMON_BLOCKS = YES;
				GCC_OPTIMIZATION_LEVEL = 0;
				GCC_PREPROCESSOR_DEFINITIONS = (
					"DEBUG=1",
					"$(inherited)",
				);
				GCC_WARN_64_TO_32_BIT_CONVERSION = YES;
				GCC_WARN_ABOUT_RETURN_TYPE = YES_ERROR;
				GCC_WARN_UNDECLARED_SELECTOR = YES;
				GCC_WARN_UNINITIALIZED_AUTOS = YES_AGGRESSIVE;
				GCC_WARN_UNUSED_FUNCTION = YES;
				GCC_WARN_UNUSED_VARIABLE = YES;
				IPHONEOS_DEPLOYMENT_TARGET = 14.4;
				MTL_ENABLE_DEBUG_INFO = INCLUDE_SOURCE;
				MTL_FAST_MATH = YES;
				ONLY_ACTIVE_ARCH = YES;
				SDKROOT = iphoneos;
				SWIFT_ACTIVE_COMPILATION_CONDITIONS = DEBUG;
				SWIFT_OPTIMIZATION_LEVEL = "-Onone";
			};
			name = Debug;
		};
		053EC23C2625E9FD000F5F9A /* Release */ = {
			isa = XCBuildConfiguration;
			buildSettings = {
				ALWAYS_SEARCH_USER_PATHS = NO;
				CLANG_ANALYZER_NONNULL = YES;
				CLANG_ANALYZER_NUMBER_OBJECT_CONVERSION = YES_AGGRESSIVE;
				CLANG_CXX_LANGUAGE_STANDARD = "gnu++14";
				CLANG_CXX_LIBRARY = "libc++";
				CLANG_ENABLE_MODULES = YES;
				CLANG_ENABLE_OBJC_ARC = YES;
				CLANG_ENABLE_OBJC_WEAK = YES;
				CLANG_WARN_BLOCK_CAPTURE_AUTORELEASING = YES;
				CLANG_WARN_BOOL_CONVERSION = YES;
				CLANG_WARN_COMMA = YES;
				CLANG_WARN_CONSTANT_CONVERSION = YES;
				CLANG_WARN_DEPRECATED_OBJC_IMPLEMENTATIONS = YES;
				CLANG_WARN_DIRECT_OBJC_ISA_USAGE = YES_ERROR;
				CLANG_WARN_DOCUMENTATION_COMMENTS = YES;
				CLANG_WARN_EMPTY_BODY = YES;
				CLANG_WARN_ENUM_CONVERSION = YES;
				CLANG_WARN_INFINITE_RECURSION = YES;
				CLANG_WARN_INT_CONVERSION = YES;
				CLANG_WARN_NON_LITERAL_NULL_CONVERSION = YES;
				CLANG_WARN_OBJC_IMPLICIT_RETAIN_SELF = YES;
				CLANG_WARN_OBJC_LITERAL_CONVERSION = YES;
				CLANG_WARN_OBJC_ROOT_CLASS = YES_ERROR;
				CLANG_WARN_QUOTED_INCLUDE_IN_FRAMEWORK_HEADER = YES;
				CLANG_WARN_RANGE_LOOP_ANALYSIS = YES;
				CLANG_WARN_STRICT_PROTOTYPES = YES;
				CLANG_WARN_SUSPICIOUS_MOVE = YES;
				CLANG_WARN_UNGUARDED_AVAILABILITY = YES_AGGRESSIVE;
				CLANG_WARN_UNREACHABLE_CODE = YES;
				CLANG_WARN__DUPLICATE_METHOD_MATCH = YES;
				COPY_PHASE_STRIP = NO;
				DEBUG_INFORMATION_FORMAT = "dwarf-with-dsym";
				ENABLE_NS_ASSERTIONS = NO;
				ENABLE_STRICT_OBJC_MSGSEND = YES;
				GCC_C_LANGUAGE_STANDARD = gnu11;
				GCC_NO_COMMON_BLOCKS = YES;
				GCC_WARN_64_TO_32_BIT_CONVERSION = YES;
				GCC_WARN_ABOUT_RETURN_TYPE = YES_ERROR;
				GCC_WARN_UNDECLARED_SELECTOR = YES;
				GCC_WARN_UNINITIALIZED_AUTOS = YES_AGGRESSIVE;
				GCC_WARN_UNUSED_FUNCTION = YES;
				GCC_WARN_UNUSED_VARIABLE = YES;
				IPHONEOS_DEPLOYMENT_TARGET = 14.4;
				MTL_ENABLE_DEBUG_INFO = NO;
				MTL_FAST_MATH = YES;
				SDKROOT = iphoneos;
				SWIFT_COMPILATION_MODE = wholemodule;
				SWIFT_OPTIMIZATION_LEVEL = "-O";
				VALIDATE_PRODUCT = YES;
			};
			name = Release;
		};
		053EC23E2625E9FD000F5F9A /* Debug */ = {
			isa = XCBuildConfiguration;
			buildSettings = {
				ASSETCATALOG_COMPILER_APPICON_NAME = AppIcon;
				ASSETCATALOG_COMPILER_GLOBAL_ACCENT_COLOR_NAME = AccentColor;
				CODE_SIGN_STYLE = Automatic;
				INFOPLIST_FILE = WeatherApp/Info.plist;
				LD_RUNPATH_SEARCH_PATHS = (
					"$(inherited)",
					"@executable_path/Frameworks",
				);
				PRODUCT_BUNDLE_IDENTIFIER = vanthanh.WeatherApp;
				PRODUCT_NAME = "$(TARGET_NAME)";
				SWIFT_VERSION = 5.0;
				TARGETED_DEVICE_FAMILY = "1,2";
			};
			name = Debug;
		};
		053EC23F2625E9FD000F5F9A /* Release */ = {
			isa = XCBuildConfiguration;
			buildSettings = {
				ASSETCATALOG_COMPILER_APPICON_NAME = AppIcon;
				ASSETCATALOG_COMPILER_GLOBAL_ACCENT_COLOR_NAME = AccentColor;
				CODE_SIGN_STYLE = Automatic;
				INFOPLIST_FILE = WeatherApp/Info.plist;
				LD_RUNPATH_SEARCH_PATHS = (
					"$(inherited)",
					"@executable_path/Frameworks",
				);
				PRODUCT_BUNDLE_IDENTIFIER = vanthanh.WeatherApp;
				PRODUCT_NAME = "$(TARGET_NAME)";
				SWIFT_VERSION = 5.0;
				TARGETED_DEVICE_FAMILY = "1,2";
			};
			name = Release;
		};
/* End XCBuildConfiguration section */

/* Begin XCConfigurationList section */
		053EC2242625E9FC000F5F9A /* Build configuration list for PBXProject "WeatherApp" */ = {
			isa = XCConfigurationList;
			buildConfigurations = (
				053EC23B2625E9FD000F5F9A /* Debug */,
				053EC23C2625E9FD000F5F9A /* Release */,
			);
			defaultConfigurationIsVisible = 0;
			defaultConfigurationName = Release;
		};
		053EC23D2625E9FD000F5F9A /* Build configuration list for PBXNativeTarget "WeatherApp" */ = {
			isa = XCConfigurationList;
			buildConfigurations = (
				053EC23E2625E9FD000F5F9A /* Debug */,
				053EC23F2625E9FD000F5F9A /* Release */,
			);
			defaultConfigurationIsVisible = 0;
			defaultConfigurationName = Release;
		};
/* End XCConfigurationList section */
	};
	rootObject = 053EC2212625E9FC000F5F9A /* Project object */;
}
